
Microsoft Visual Studio Solution File, Format Version 12.00
# Visual Studio Version 17
VisualStudioVersion = 17.5.2.0
MinimumVisualStudioVersion = 10.0.40219.1
Project("{FAE04EC0-301F-11D3-BF4B-00C04F79EFBC}") = "ATRun", "ATRun.csproj", "{D650F75A-A9E1-C971-50BA-9752BA4AC1A1}"
EndProject
Project("{FAE04EC0-301F-11D3-BF4B-00C04F79EFBC}") = "ATRun.Tests", "ATRun.Tests\ATRun.Tests.csproj", "{B0834917-1BD0-4545-9DF0-7BD73A08DFA5}"
EndProject
Global
	GlobalSection(SolutionConfigurationPlatforms) = preSolution
		Debug|Any CPU = Debug|Any CPU
		Debug|x64 = Debug|x64
		Debug|x86 = Debug|x86
		Release|Any CPU = Release|Any CPU
		Release|x64 = Release|x64
		Release|x86 = Release|x86
	EndGlobalSection
	GlobalSection(ProjectConfigurationPlatforms) = postSolution
		{D650F75A-A9E1-C971-50BA-9752BA4AC1A1}.Debug|Any CPU.ActiveCfg = Debug|Any CPU
		{D650F75A-A9E1-C971-50BA-9752BA4AC1A1}.Debug|Any CPU.Build.0 = Debug|Any CPU
		{D650F75A-A9E1-C971-50BA-9752BA4AC1A1}.Debug|x64.ActiveCfg = Debug|Any CPU
		{D650F75A-A9E1-C971-50BA-9752BA4AC1A1}.Debug|x64.Build.0 = Debug|Any CPU
		{D650F75A-A9E1-C971-50BA-9752BA4AC1A1}.Debug|x86.ActiveCfg = Debug|Any CPU
		{D650F75A-A9E1-C971-50BA-9752BA4AC1A1}.Debug|x86.Build.0 = Debug|Any CPU
		{D650F75A-A9E1-C971-50BA-9752BA4AC1A1}.Release|Any CPU.ActiveCfg = Release|Any CPU
		{D650F75A-A9E1-C971-50BA-9752BA4AC1A1}.Release|Any CPU.Build.0 = Release|Any CPU
		{D650F75A-A9E1-C971-50BA-9752BA4AC1A1}.Release|x64.ActiveCfg = Release|Any CPU
		{D650F75A-A9E1-C971-50BA-9752BA4AC1A1}.Release|x64.Build.0 = Release|Any CPU
		{D650F75A-A9E1-C971-50BA-9752BA4AC1A1}.Release|x86.ActiveCfg = Release|Any CPU
		{D650F75A-A9E1-C971-50BA-9752BA4AC1A1}.Release|x86.Build.0 = Release|Any CPU
		{B0834917-1BD0-4545-9DF0-7BD73A08DFA5}.Debug|Any CPU.ActiveCfg = Debug|Any CPU
		{B0834917-1BD0-4545-9DF0-7BD73A08DFA5}.Debug|Any CPU.Build.0 = Debug|Any CPU
		{B0834917-1BD0-4545-9DF0-7BD73A08DFA5}.Debug|x64.ActiveCfg = Debug|Any CPU
		{B0834917-1BD0-4545-9DF0-7BD73A08DFA5}.Debug|x64.Build.0 = Debug|Any CPU
		{B0834917-1BD0-4545-9DF0-7BD73A08DFA5}.Debug|x86.ActiveCfg = Debug|Any CPU
		{B0834917-1BD0-4545-9DF0-7BD73A08DFA5}.Debug|x86.Build.0 = Debug|Any CPU
		{B0834917-1BD0-4545-9DF0-7BD73A08DFA5}.Release|Any CPU.ActiveCfg = Release|Any CPU
		{B0834917-1BD0-4545-9DF0-7BD73A08DFA5}.Release|Any CPU.Build.0 = Release|Any CPU
		{B0834917-1BD0-4545-9DF0-7BD73A08DFA5}.Release|x64.ActiveCfg = Release|Any CPU
		{B0834917-1BD0-4545-9DF0-7BD73A08DFA5}.Release|x64.Build.0 = Release|Any CPU
		{B0834917-1BD0-4545-9DF0-7BD73A08DFA5}.Release|x86.ActiveCfg = Release|Any CPU
		{B0834917-1BD0-4545-9DF0-7BD73A08DFA5}.Release|x86.Build.0 = Release|Any CPU
	EndGlobalSection
	GlobalSection(SolutionProperties) = preSolution
		HideSolutionNode = FALSE
	EndGlobalSection
	GlobalSection(ExtensibilityGlobals) = postSolution
		SolutionGuid = {61EC4E21-2832-4A65-962B-90A397F8DC43}
	EndGlobalSection
EndGlobal
