Microsoft Visual Studio Solution File, Format Version 12.00
# Visual Studio Version 17
VisualStudioVersion = 17.5.2.0
MinimumVisualStudioVersion = 10.0.40219.1
Project("{FAE04EC0-301F-11D3-BF4B-00C04F79EFBC}") = "AddToAutorun", "AddToAutorun.csproj", "{D650F75A-A9E1-C971-50BA-9752BA4AC1A1}"
EndProject
Global
	GlobalSection(SolutionConfigurationPlatforms) = preSolution
		Debug|Any CPU = Debug|Any CPU
		Release|Any CPU = Release|Any CPU
	EndGlobalSection
	GlobalSection(ProjectConfigurationPlatforms) = postSolution
		{D650F75A-A9E1-C971-50BA-9752BA4AC1A1}.Debug|Any CPU.ActiveCfg = Debug|Any CPU
		{D650F75A-A9E1-C971-50BA-9752BA4AC1A1}.Debug|Any CPU.Build.0 = Debug|Any CPU
		{D650F75A-A9E1-C971-50BA-9752BA4AC1A1}.Release|Any CPU.ActiveCfg = Release|Any CPU
		{D650F75A-A9E1-C971-50BA-9752BA4AC1A1}.Release|Any CPU.Build.0 = Release|Any CPU
	EndGlobalSection
	GlobalSection(SolutionProperties) = preSolution
		HideSolutionNode = FALSE
	EndGlobalSection
	GlobalSection(ExtensibilityGlobals) = postSolution
		SolutionGuid = {61EC4E21-2832-4A65-962B-90A397F8DC43}
	EndGlobalSection
EndGlobal
